# THIS IS AN AUTOGENERATED FILE. DO NOT EDIT THIS FILE DIRECTLY.
# yarn lockfile v1


openai@^5.1.1:
  version "5.1.1"
  resolved "https://registry.yarnpkg.com/openai/-/openai-5.1.1.tgz#b09f43520e1b6321d487e39c3295cbbe11827def"
  integrity sha512-lgIdLqvpLpz8xPUKcEIV6ml+by74mbSBz8zv/AHHebtLn/WdpH4kdXT3/Q5uUKDHg3vHV/z9+G9wZINRX6rkDg==
